
Microsoft Visual Studio Solution File, Format Version 12.00
# Visual Studio Version 16
VisualStudioVersion = 16.0.31205.134
MinimumVisualStudioVersion = 10.0.40219.1
Project("{FAE04EC0-301F-11D3-BF4B-00C04F79EFBC}") = "Rejex_UserRegistration_Test", "Rejex_UserRegistration_Test\Rejex_UserRegistration_Test.csproj", "{BACFA2FA-E353-42F4-84E1-509CF42BD525}"
EndProject
Project("{FAE04EC0-301F-11D3-BF4B-00C04F79EFBC}") = "UserRegistration_MSTest", "UserRegistration_MSTest\UserRegistration_MSTest.csproj", "{69D52580-5939-4975-BA42-C36253509733}"
EndProject
Global
	GlobalSection(SolutionConfigurationPlatforms) = preSolution
		Debug|Any CPU = Debug|Any CPU
		Release|Any CPU = Release|Any CPU
	EndGlobalSection
	GlobalSection(ProjectConfigurationPlatforms) = postSolution
		{BACFA2FA-E353-42F4-84E1-509CF42BD525}.Debug|Any CPU.ActiveCfg = Debug|Any CPU
		{BACFA2FA-E353-42F4-84E1-509CF42BD525}.Debug|Any CPU.Build.0 = Debug|Any CPU
		{BACFA2FA-E353-42F4-84E1-509CF42BD525}.Release|Any CPU.ActiveCfg = Release|Any CPU
		{BACFA2FA-E353-42F4-84E1-509CF42BD525}.Release|Any CPU.Build.0 = Release|Any CPU
		{69D52580-5939-4975-BA42-C36253509733}.Debug|Any CPU.ActiveCfg = Debug|Any CPU
		{69D52580-5939-4975-BA42-C36253509733}.Debug|Any CPU.Build.0 = Debug|Any CPU
		{69D52580-5939-4975-BA42-C36253509733}.Release|Any CPU.ActiveCfg = Release|Any CPU
		{69D52580-5939-4975-BA42-C36253509733}.Release|Any CPU.Build.0 = Release|Any CPU
	EndGlobalSection
	GlobalSection(SolutionProperties) = preSolution
		HideSolutionNode = FALSE
	EndGlobalSection
	GlobalSection(ExtensibilityGlobals) = postSolution
		SolutionGuid = {C423BCA8-D146-4050-9C68-12499DBFB621}
	EndGlobalSection
EndGlobal
